{
  "../lib/chainlink": {
    "rev": "cf091a2f2c65b0466540524b567407f5a17fad5c"
  },
  "../lib/token-bridge-contracts": {
    "rev": "15858f0067f3ae87ad7b8d751d44c81537f52d84"
  },
  "lib/chainlink-brownie-contracts": {
    "tag": {
      "name": "1.3.0",
      "rev": "5cb41fbc9b525338b6098da5ea7dd0b7e92f89e4"
    }
  },
  "lib/forge-std": {
    "tag": {
      "name": "v1.11.0",
      "rev": "8e40513d678f392f398620b3ef2b418648b33e89"
    }
  },
  "lib/openzeppelin-contracts/lib/erc4626-tests": {
    "rev": "232ff9ba8194e406967f52ecc5cb52ed764209e9"
  },
  "lib/openzeppelin-contracts/lib/forge-std": {
    "branch": {
      "name": "v1",
      "rev": "3b20d60d14b343ee4f908cb8079495c07f5e8981"
    }
  },
  "lib/openzeppelin-contracts/lib/halmos-cheatcodes": {
    "rev": "7328abe100445fc53885c21d0e713b95293cf14c"
  },
  "lib/openzeppelin-contracts-upgradeable": {
    "tag": {
      "name": "v5.5.0",
      "rev": "aa677e9d28ed78fc427ec47ba2baef2030c58e7c"
    }
  },
  "lib/token-bridge-contracts": {
    "tag": {
      "name": "v1.1.2",
      "rev": "bf9ad3d7f25c0eaf0a5f89eec7a0a370833cea16"
    }
  }
}